# THIS IS AN AUTOGENERATED FILE. DO NOT EDIT THIS FILE DIRECTLY.
# yarn lockfile v1


"@js-joda/core@>= 3.2.0 < 7.0.0":
  version "6.1.0"
  resolved "https://registry.yarnpkg.com/@js-joda/core/-/core-6.1.0.tgz#ed88d02cee56b49b86083467db48b84e5c0aa8de"
  integrity sha512-H8NTMRDJqad/leyv/D/A3kSOsf5/58Ydj4DJGDyaCWk9OU/zuZOLhndVffJgQjsgrn5GC0znHMHie7TfvPPG4w==

"@js-joda/timezone@2.25.1":
  version "2.25.1"
  resolved "https://registry.yarnpkg.com/@js-joda/timezone/-/timezone-2.25.1.tgz#4628f18d51af1b197a410834d344418f48a8a264"
  integrity sha512-s79ts8bXrWqM9dIBKc0AdgGuAUFpu9gmzYhOCPHJlks/Sf7FSbJHRauWlFYUwjSTZevimqthEvJycrwrVz5m4g==

"@js-joda/timezone@2.3.0":
  version "2.3.0"
  resolved "https://registry.yarnpkg.com/@js-joda/timezone/-/timezone-2.3.0.tgz#72878f6dc8afef20c29906e5d8d946f91618a2c3"
  integrity sha512-DHXdNs0SydSqC5f0oRJPpTcNfnpRojgBqMCFupQFv6WgeZAjU3DBx+A7JtaGPP3dHrP2Odi2N8Vf+uAm/8ynCQ==
